
Microsoft Visual Studio Solution File, Format Version 12.00
# Visual Studio Version 17
VisualStudioVersion = 17.2.32602.215
MinimumVisualStudioVersion = 10.0.40219.1
Project("{FAE04EC0-301F-11D3-BF4B-00C04F79EFBC}") = "MyNovelCollection.Android", "MyNovelCollection\MyNovelCollection.Android\MyNovelCollection.Android.csproj", "{1CF58BBA-71B0-487A-813A-B1A65D58B73B}"
EndProject
Project("{FAE04EC0-301F-11D3-BF4B-00C04F79EFBC}") = "MyNovelCollection.iOS", "MyNovelCollection\MyNovelCollection.iOS\MyNovelCollection.iOS.csproj", "{7D81BA95-0841-4B64-8A8F-8CEC9C170D8B}"
EndProject
Project("{FAE04EC0-301F-11D3-BF4B-00C04F79EFBC}") = "MyNovelCollection", "MyNovelCollection\MyNovelCollection\MyNovelCollection.csproj", "{A941E2BE-6435-4699-ACC1-2537BCF5A261}"
EndProject
Global
	GlobalSection(SolutionConfigurationPlatforms) = preSolution
		Debug|Any CPU = Debug|Any CPU
		Debug|iPhone = Debug|iPhone
		Debug|iPhoneSimulator = Debug|iPhoneSimulator
		Release|Any CPU = Release|Any CPU
		Release|iPhone = Release|iPhone
		Release|iPhoneSimulator = Release|iPhoneSimulator
	EndGlobalSection
	GlobalSection(ProjectConfigurationPlatforms) = postSolution
		{1CF58BBA-71B0-487A-813A-B1A65D58B73B}.Debug|Any CPU.ActiveCfg = Debug|Any CPU
		{1CF58BBA-71B0-487A-813A-B1A65D58B73B}.Debug|Any CPU.Build.0 = Debug|Any CPU
		{1CF58BBA-71B0-487A-813A-B1A65D58B73B}.Debug|Any CPU.Deploy.0 = Debug|Any CPU
		{1CF58BBA-71B0-487A-813A-B1A65D58B73B}.Debug|iPhone.ActiveCfg = Debug|Any CPU
		{1CF58BBA-71B0-487A-813A-B1A65D58B73B}.Debug|iPhone.Build.0 = Debug|Any CPU
		{1CF58BBA-71B0-487A-813A-B1A65D58B73B}.Debug|iPhone.Deploy.0 = Debug|Any CPU
		{1CF58BBA-71B0-487A-813A-B1A65D58B73B}.Debug|iPhoneSimulator.ActiveCfg = Debug|Any CPU
		{1CF58BBA-71B0-487A-813A-B1A65D58B73B}.Debug|iPhoneSimulator.Build.0 = Debug|Any CPU
		{1CF58BBA-71B0-487A-813A-B1A65D58B73B}.Debug|iPhoneSimulator.Deploy.0 = Debug|Any CPU
		{1CF58BBA-71B0-487A-813A-B1A65D58B73B}.Release|Any CPU.ActiveCfg = Release|Any CPU
		{1CF58BBA-71B0-487A-813A-B1A65D58B73B}.Release|Any CPU.Build.0 = Release|Any CPU
		{1CF58BBA-71B0-487A-813A-B1A65D58B73B}.Release|Any CPU.Deploy.0 = Release|Any CPU
		{1CF58BBA-71B0-487A-813A-B1A65D58B73B}.Release|iPhone.ActiveCfg = Release|Any CPU
		{1CF58BBA-71B0-487A-813A-B1A65D58B73B}.Release|iPhone.Build.0 = Release|Any CPU
		{1CF58BBA-71B0-487A-813A-B1A65D58B73B}.Release|iPhone.Deploy.0 = Release|Any CPU
		{1CF58BBA-71B0-487A-813A-B1A65D58B73B}.Release|iPhoneSimulator.ActiveCfg = Release|Any CPU
		{1CF58BBA-71B0-487A-813A-B1A65D58B73B}.Release|iPhoneSimulator.Build.0 = Release|Any CPU
		{1CF58BBA-71B0-487A-813A-B1A65D58B73B}.Release|iPhoneSimulator.Deploy.0 = Release|Any CPU
		{7D81BA95-0841-4B64-8A8F-8CEC9C170D8B}.Debug|Any CPU.ActiveCfg = Debug|iPhone
		{7D81BA95-0841-4B64-8A8F-8CEC9C170D8B}.Debug|Any CPU.Build.0 = Debug|iPhone
		{7D81BA95-0841-4B64-8A8F-8CEC9C170D8B}.Debug|Any CPU.Deploy.0 = Debug|iPhone
		{7D81BA95-0841-4B64-8A8F-8CEC9C170D8B}.Debug|iPhone.ActiveCfg = Debug|iPhone
		{7D81BA95-0841-4B64-8A8F-8CEC9C170D8B}.Debug|iPhone.Build.0 = Debug|iPhone
		{7D81BA95-0841-4B64-8A8F-8CEC9C170D8B}.Debug|iPhone.Deploy.0 = Debug|iPhone
		{7D81BA95-0841-4B64-8A8F-8CEC9C170D8B}.Debug|iPhoneSimulator.ActiveCfg = Debug|iPhoneSimulator
		{7D81BA95-0841-4B64-8A8F-8CEC9C170D8B}.Debug|iPhoneSimulator.Build.0 = Debug|iPhoneSimulator
		{7D81BA95-0841-4B64-8A8F-8CEC9C170D8B}.Debug|iPhoneSimulator.Deploy.0 = Debug|iPhoneSimulator
		{7D81BA95-0841-4B64-8A8F-8CEC9C170D8B}.Release|Any CPU.ActiveCfg = Release|iPhoneSimulator
		{7D81BA95-0841-4B64-8A8F-8CEC9C170D8B}.Release|Any CPU.Build.0 = Release|iPhoneSimulator
		{7D81BA95-0841-4B64-8A8F-8CEC9C170D8B}.Release|Any CPU.Deploy.0 = Release|iPhoneSimulator
		{7D81BA95-0841-4B64-8A8F-8CEC9C170D8B}.Release|iPhone.ActiveCfg = Release|iPhone
		{7D81BA95-0841-4B64-8A8F-8CEC9C170D8B}.Release|iPhone.Build.0 = Release|iPhone
		{7D81BA95-0841-4B64-8A8F-8CEC9C170D8B}.Release|iPhone.Deploy.0 = Release|iPhone
		{7D81BA95-0841-4B64-8A8F-8CEC9C170D8B}.Release|iPhoneSimulator.ActiveCfg = Release|iPhoneSimulator
		{7D81BA95-0841-4B64-8A8F-8CEC9C170D8B}.Release|iPhoneSimulator.Build.0 = Release|iPhoneSimulator
		{7D81BA95-0841-4B64-8A8F-8CEC9C170D8B}.Release|iPhoneSimulator.Deploy.0 = Release|iPhoneSimulator
		{A941E2BE-6435-4699-ACC1-2537BCF5A261}.Debug|Any CPU.ActiveCfg = Debug|Any CPU
		{A941E2BE-6435-4699-ACC1-2537BCF5A261}.Debug|Any CPU.Build.0 = Debug|Any CPU
		{A941E2BE-6435-4699-ACC1-2537BCF5A261}.Debug|Any CPU.Deploy.0 = Debug|Any CPU
		{A941E2BE-6435-4699-ACC1-2537BCF5A261}.Debug|iPhone.ActiveCfg = Debug|Any CPU
		{A941E2BE-6435-4699-ACC1-2537BCF5A261}.Debug|iPhone.Build.0 = Debug|Any CPU
		{A941E2BE-6435-4699-ACC1-2537BCF5A261}.Debug|iPhone.Deploy.0 = Debug|Any CPU
		{A941E2BE-6435-4699-ACC1-2537BCF5A261}.Debug|iPhoneSimulator.ActiveCfg = Debug|Any CPU
		{A941E2BE-6435-4699-ACC1-2537BCF5A261}.Debug|iPhoneSimulator.Build.0 = Debug|Any CPU
		{A941E2BE-6435-4699-ACC1-2537BCF5A261}.Debug|iPhoneSimulator.Deploy.0 = Debug|Any CPU
		{A941E2BE-6435-4699-ACC1-2537BCF5A261}.Release|Any CPU.ActiveCfg = Release|Any CPU
		{A941E2BE-6435-4699-ACC1-2537BCF5A261}.Release|Any CPU.Build.0 = Release|Any CPU
		{A941E2BE-6435-4699-ACC1-2537BCF5A261}.Release|Any CPU.Deploy.0 = Release|Any CPU
		{A941E2BE-6435-4699-ACC1-2537BCF5A261}.Release|iPhone.ActiveCfg = Release|Any CPU
		{A941E2BE-6435-4699-ACC1-2537BCF5A261}.Release|iPhone.Build.0 = Release|Any CPU
		{A941E2BE-6435-4699-ACC1-2537BCF5A261}.Release|iPhone.Deploy.0 = Release|Any CPU
		{A941E2BE-6435-4699-ACC1-2537BCF5A261}.Release|iPhoneSimulator.ActiveCfg = Release|Any CPU
		{A941E2BE-6435-4699-ACC1-2537BCF5A261}.Release|iPhoneSimulator.Build.0 = Release|Any CPU
		{A941E2BE-6435-4699-ACC1-2537BCF5A261}.Release|iPhoneSimulator.Deploy.0 = Release|Any CPU
	EndGlobalSection
	GlobalSection(SolutionProperties) = preSolution
		HideSolutionNode = FALSE
	EndGlobalSection
	GlobalSection(ExtensibilityGlobals) = postSolution
		SolutionGuid = {0D6B5AF0-6347-4FEB-A0B0-A0D0CB4F7FAA}
	EndGlobalSection
EndGlobal
